
Microsoft Visual Studio Solution File, Format Version 12.00
# Visual Studio Version 16
VisualStudioVersion = 16.0.31005.135
MinimumVisualStudioVersion = 10.0.40219.1
Project("{FAE04EC0-301F-11D3-BF4B-00C04F79EFBC}") = "Exececoes", "Exececoes.csproj", "{4C19C151-01D0-46E0-88C7-4D8B6AFEE722}"
EndProject
Global
	GlobalSection(SolutionConfigurationPlatforms) = preSolution
		Debug|Any CPU = Debug|Any CPU
		Release|Any CPU = Release|Any CPU
	EndGlobalSection
	GlobalSection(ProjectConfigurationPlatforms) = postSolution
		{4C19C151-01D0-46E0-88C7-4D8B6AFEE722}.Debug|Any CPU.ActiveCfg = Debug|Any CPU
		{4C19C151-01D0-46E0-88C7-4D8B6AFEE722}.Debug|Any CPU.Build.0 = Debug|Any CPU
		{4C19C151-01D0-46E0-88C7-4D8B6AFEE722}.Release|Any CPU.ActiveCfg = Release|Any CPU
		{4C19C151-01D0-46E0-88C7-4D8B6AFEE722}.Release|Any CPU.Build.0 = Release|Any CPU
	EndGlobalSection
	GlobalSection(SolutionProperties) = preSolution
		HideSolutionNode = FALSE
	EndGlobalSection
	GlobalSection(ExtensibilityGlobals) = postSolution
		SolutionGuid = {8036C9AB-9174-46FE-8C46-7D87E6E055AB}
	EndGlobalSection
EndGlobal
